
Microsoft Visual Studio Solution File, Format Version 12.00
# Visual Studio Version 16
VisualStudioVersion = 16.0.30907.101
MinimumVisualStudioVersion = 10.0.40219.1
Project("{FAE04EC0-301F-11D3-BF4B-00C04F79EFBC}") = "TyeExplorer", "TyeExplorer\TyeExplorer.csproj", "{221284BC-61E7-4CE8-8EC1-C6D4754B1DBA}"
EndProject
Global
	GlobalSection(SolutionConfigurationPlatforms) = preSolution
		Debug|Any CPU = Debug|Any CPU
		Release|Any CPU = Release|Any CPU
	EndGlobalSection
	GlobalSection(ProjectConfigurationPlatforms) = postSolution
		{221284BC-61E7-4CE8-8EC1-C6D4754B1DBA}.Debug|Any CPU.ActiveCfg = Debug|Any CPU
		{221284BC-61E7-4CE8-8EC1-C6D4754B1DBA}.Debug|Any CPU.Build.0 = Debug|Any CPU
		{221284BC-61E7-4CE8-8EC1-C6D4754B1DBA}.Release|Any CPU.ActiveCfg = Release|Any CPU
		{221284BC-61E7-4CE8-8EC1-C6D4754B1DBA}.Release|Any CPU.Build.0 = Release|Any CPU
	EndGlobalSection
	GlobalSection(SolutionProperties) = preSolution
		HideSolutionNode = FALSE
	EndGlobalSection
	GlobalSection(ExtensibilityGlobals) = postSolution
		SolutionGuid = {DA7CC394-8EBE-4DDB-81D5-8BFA841128C6}
	EndGlobalSection
EndGlobal
